
Microsoft Visual Studio Solution File, Format Version 12.00
# Visual Studio Version 17
VisualStudioVersion = 17.0.31903.59
MinimumVisualStudioVersion = 10.0.40219.1
Project("{9A19103F-16F7-4668-BE54-9A1E7A4F7556}") = "UrlSaver.Api", "src\UrlSaver.Api\UrlSaver.Api.csproj", "{CDD747FF-895F-4790-B05F-65F6E9C6245C}"
EndProject
Project("{9A19103F-16F7-4668-BE54-9A1E7A4F7556}") = "UrlSaver.Domain", "src\UrlSaver.Domain\UrlSaver.Domain.csproj", "{BB2DBF10-DD30-417B-B7C2-44B34B810B12}"
EndProject
Project("{9A19103F-16F7-4668-BE54-9A1E7A4F7556}") = "UrlSaver.Infrastructure", "src\UrlSaver.Infrastructure\UrlSaver.Infrastructure.csproj", "{7BB395DF-49DD-42CF-9EF2-47DC7864C13F}"
EndProject
Project("{FAE04EC0-301F-11D3-BF4B-00C04F79EFBC}") = "UrlSaver.Data", "src\UrlSaver.Data\UrlSaver.Data.csproj", "{320C6434-E291-42C6-A034-36B6CEA214FD}"
EndProject
Global
	GlobalSection(SolutionConfigurationPlatforms) = preSolution
		Debug|Any CPU = Debug|Any CPU
		Release|Any CPU = Release|Any CPU
	EndGlobalSection
	GlobalSection(ProjectConfigurationPlatforms) = postSolution
		{CDD747FF-895F-4790-B05F-65F6E9C6245C}.Debug|Any CPU.ActiveCfg = Debug|Any CPU
		{CDD747FF-895F-4790-B05F-65F6E9C6245C}.Debug|Any CPU.Build.0 = Debug|Any CPU
		{CDD747FF-895F-4790-B05F-65F6E9C6245C}.Release|Any CPU.ActiveCfg = Release|Any CPU
		{CDD747FF-895F-4790-B05F-65F6E9C6245C}.Release|Any CPU.Build.0 = Release|Any CPU
		{BB2DBF10-DD30-417B-B7C2-44B34B810B12}.Debug|Any CPU.ActiveCfg = Debug|Any CPU
		{BB2DBF10-DD30-417B-B7C2-44B34B810B12}.Debug|Any CPU.Build.0 = Debug|Any CPU
		{BB2DBF10-DD30-417B-B7C2-44B34B810B12}.Release|Any CPU.ActiveCfg = Release|Any CPU
		{BB2DBF10-DD30-417B-B7C2-44B34B810B12}.Release|Any CPU.Build.0 = Release|Any CPU
		{7BB395DF-49DD-42CF-9EF2-47DC7864C13F}.Debug|Any CPU.ActiveCfg = Debug|Any CPU
		{7BB395DF-49DD-42CF-9EF2-47DC7864C13F}.Debug|Any CPU.Build.0 = Debug|Any CPU
		{7BB395DF-49DD-42CF-9EF2-47DC7864C13F}.Release|Any CPU.ActiveCfg = Release|Any CPU
		{7BB395DF-49DD-42CF-9EF2-47DC7864C13F}.Release|Any CPU.Build.0 = Release|Any CPU
		{320C6434-E291-42C6-A034-36B6CEA214FD}.Debug|Any CPU.ActiveCfg = Debug|Any CPU
		{320C6434-E291-42C6-A034-36B6CEA214FD}.Debug|Any CPU.Build.0 = Debug|Any CPU
		{320C6434-E291-42C6-A034-36B6CEA214FD}.Release|Any CPU.ActiveCfg = Release|Any CPU
		{320C6434-E291-42C6-A034-36B6CEA214FD}.Release|Any CPU.Build.0 = Release|Any CPU
	EndGlobalSection
	GlobalSection(SolutionProperties) = preSolution
		HideSolutionNode = FALSE
	EndGlobalSection
	GlobalSection(ExtensibilityGlobals) = postSolution
		SolutionGuid = {4A0E3AD1-3064-49D5-B2B7-F1C8E2C1DD26}
	EndGlobalSection
EndGlobal
